
Microsoft Visual Studio Solution File, Format Version 12.00
# Visual Studio Version 17
VisualStudioVersion = 17.6.33723.286
MinimumVisualStudioVersion = 10.0.40219.1
Project("{FAE04EC0-301F-11D3-BF4B-00C04F79EFBC}") = "DbMvc", "DbMvc.csproj", "{D2A30860-9F8C-47C6-BB6F-011E9F53D2DD}"
EndProject
Global
	GlobalSection(SolutionConfigurationPlatforms) = preSolution
		Debug|Any CPU = Debug|Any CPU
		Release|Any CPU = Release|Any CPU
	EndGlobalSection
	GlobalSection(ProjectConfigurationPlatforms) = postSolution
		{D2A30860-9F8C-47C6-BB6F-011E9F53D2DD}.Debug|Any CPU.ActiveCfg = Debug|Any CPU
		{D2A30860-9F8C-47C6-BB6F-011E9F53D2DD}.Debug|Any CPU.Build.0 = Debug|Any CPU
		{D2A30860-9F8C-47C6-BB6F-011E9F53D2DD}.Release|Any CPU.ActiveCfg = Release|Any CPU
		{D2A30860-9F8C-47C6-BB6F-011E9F53D2DD}.Release|Any CPU.Build.0 = Release|Any CPU
	EndGlobalSection
	GlobalSection(SolutionProperties) = preSolution
		HideSolutionNode = FALSE
	EndGlobalSection
	GlobalSection(ExtensibilityGlobals) = postSolution
		SolutionGuid = {DA788DB9-C1D9-4CCC-9C9F-57FFDA2E8E08}
	EndGlobalSection
EndGlobal
